
Microsoft Visual Studio Solution File, Format Version 12.00
# Visual Studio Version 16
VisualStudioVersion = 16.0.28922.388
MinimumVisualStudioVersion = 10.0.40219.1
Project("{FAE04EC0-301F-11D3-BF4B-00C04F79EFBC}") = "WebApplication5", "WebApplication5.csproj", "{D94AC34F-2791-44BC-B06D-0088A5FA433C}"
EndProject
Project("{FAE04EC0-301F-11D3-BF4B-00C04F79EFBC}") = "SearchApi", "..\SearchApi\SearchApi.csproj", "{56EF36DD-8745-4386-9FD1-5BE23C38E1C9}"
EndProject
Global
	GlobalSection(SolutionConfigurationPlatforms) = preSolution
		Debug|Any CPU = Debug|Any CPU
		Release|Any CPU = Release|Any CPU
	EndGlobalSection
	GlobalSection(ProjectConfigurationPlatforms) = postSolution
		{D94AC34F-2791-44BC-B06D-0088A5FA433C}.Debug|Any CPU.ActiveCfg = Debug|Any CPU
		{D94AC34F-2791-44BC-B06D-0088A5FA433C}.Debug|Any CPU.Build.0 = Debug|Any CPU
		{D94AC34F-2791-44BC-B06D-0088A5FA433C}.Release|Any CPU.ActiveCfg = Release|Any CPU
		{D94AC34F-2791-44BC-B06D-0088A5FA433C}.Release|Any CPU.Build.0 = Release|Any CPU
		{56EF36DD-8745-4386-9FD1-5BE23C38E1C9}.Debug|Any CPU.ActiveCfg = Debug|Any CPU
		{56EF36DD-8745-4386-9FD1-5BE23C38E1C9}.Debug|Any CPU.Build.0 = Debug|Any CPU
		{56EF36DD-8745-4386-9FD1-5BE23C38E1C9}.Release|Any CPU.ActiveCfg = Release|Any CPU
		{56EF36DD-8745-4386-9FD1-5BE23C38E1C9}.Release|Any CPU.Build.0 = Release|Any CPU
	EndGlobalSection
	GlobalSection(SolutionProperties) = preSolution
		HideSolutionNode = FALSE
	EndGlobalSection
	GlobalSection(ExtensibilityGlobals) = postSolution
		SolutionGuid = {4240C574-C001-4713-8F10-B4ACB471E192}
	EndGlobalSection
EndGlobal
